
Microsoft Visual Studio Solution File, Format Version 12.00
# Visual Studio Version 16
VisualStudioVersion = 16.0.30413.136
MinimumVisualStudioVersion = 10.0.40219.1
Project("{9A19103F-16F7-4668-BE54-9A1E7A4F7556}") = "PetShop.Infrastructure.Data", "PetShop.Infrastructure\PetShop.Infrastructure.Data.csproj", "{75C620FB-AFD2-406C-81E0-B5C2B05F5B20}"
EndProject
Project("{9A19103F-16F7-4668-BE54-9A1E7A4F7556}") = "PetShop.Core.Entities", "PetShop.Core.Entities\PetShop.Core.Entities.csproj", "{BFE9868D-E656-4EA1-9720-A54630EA18E1}"
EndProject
Project("{9A19103F-16F7-4668-BE54-9A1E7A4F7556}") = "PetShop.Core", "PetShop.Core\PetShop.Core.csproj", "{2B84480F-C534-4320-A301-59401BF65626}"
EndProject
Project("{9A19103F-16F7-4668-BE54-9A1E7A4F7556}") = "PetShop.UI", "PetShop.UI\PetShop.UI.csproj", "{1F2ACEE0-13F0-47DF-BA6B-4BACD2DE8B0C}"
EndProject
Project("{9A19103F-16F7-4668-BE54-9A1E7A4F7556}") = "PetShot.WebAPI", "PetShot.RestAPI\PetShot.WebAPI.csproj", "{A0B927DC-2B8C-4BDE-A2B9-2860E9194A02}"
EndProject
Project("{2150E333-8FDC-42A3-9474-1A3956D46DE8}") = "UI", "UI", "{C8411304-A17B-4C2F-892B-0F46296A0F94}"
EndProject
Project("{2150E333-8FDC-42A3-9474-1A3956D46DE8}") = "Core", "Core", "{4FB074B3-3841-454B-A280-4FFB25FA8063}"
EndProject
Project("{2150E333-8FDC-42A3-9474-1A3956D46DE8}") = "Infrastructure", "Infrastructure", "{F08C3171-2820-495B-A145-5040BCEE094D}"
EndProject
Project("{FAE04EC0-301F-11D3-BF4B-00C04F79EFBC}") = "PetShop.Infrastructure.MSSQL.Data", "PetShop.Infrastructure.MSSQL.Data\PetShop.Infrastructure.MSSQL.Data.csproj", "{87A4C244-1296-4C2C-AA82-4CDC70325F94}"
EndProject
Global
	GlobalSection(SolutionConfigurationPlatforms) = preSolution
		Debug|Any CPU = Debug|Any CPU
		Release|Any CPU = Release|Any CPU
	EndGlobalSection
	GlobalSection(ProjectConfigurationPlatforms) = postSolution
		{75C620FB-AFD2-406C-81E0-B5C2B05F5B20}.Debug|Any CPU.ActiveCfg = Debug|Any CPU
		{75C620FB-AFD2-406C-81E0-B5C2B05F5B20}.Debug|Any CPU.Build.0 = Debug|Any CPU
		{75C620FB-AFD2-406C-81E0-B5C2B05F5B20}.Release|Any CPU.ActiveCfg = Release|Any CPU
		{75C620FB-AFD2-406C-81E0-B5C2B05F5B20}.Release|Any CPU.Build.0 = Release|Any CPU
		{BFE9868D-E656-4EA1-9720-A54630EA18E1}.Debug|Any CPU.ActiveCfg = Debug|Any CPU
		{BFE9868D-E656-4EA1-9720-A54630EA18E1}.Debug|Any CPU.Build.0 = Debug|Any CPU
		{BFE9868D-E656-4EA1-9720-A54630EA18E1}.Release|Any CPU.ActiveCfg = Release|Any CPU
		{BFE9868D-E656-4EA1-9720-A54630EA18E1}.Release|Any CPU.Build.0 = Release|Any CPU
		{2B84480F-C534-4320-A301-59401BF65626}.Debug|Any CPU.ActiveCfg = Debug|Any CPU
		{2B84480F-C534-4320-A301-59401BF65626}.Debug|Any CPU.Build.0 = Debug|Any CPU
		{2B84480F-C534-4320-A301-59401BF65626}.Release|Any CPU.ActiveCfg = Release|Any CPU
		{2B84480F-C534-4320-A301-59401BF65626}.Release|Any CPU.Build.0 = Release|Any CPU
		{1F2ACEE0-13F0-47DF-BA6B-4BACD2DE8B0C}.Debug|Any CPU.ActiveCfg = Debug|Any CPU
		{1F2ACEE0-13F0-47DF-BA6B-4BACD2DE8B0C}.Debug|Any CPU.Build.0 = Debug|Any CPU
		{1F2ACEE0-13F0-47DF-BA6B-4BACD2DE8B0C}.Release|Any CPU.ActiveCfg = Release|Any CPU
		{1F2ACEE0-13F0-47DF-BA6B-4BACD2DE8B0C}.Release|Any CPU.Build.0 = Release|Any CPU
		{A0B927DC-2B8C-4BDE-A2B9-2860E9194A02}.Debug|Any CPU.ActiveCfg = Debug|Any CPU
		{A0B927DC-2B8C-4BDE-A2B9-2860E9194A02}.Debug|Any CPU.Build.0 = Debug|Any CPU
		{A0B927DC-2B8C-4BDE-A2B9-2860E9194A02}.Release|Any CPU.ActiveCfg = Release|Any CPU
		{A0B927DC-2B8C-4BDE-A2B9-2860E9194A02}.Release|Any CPU.Build.0 = Release|Any CPU
		{87A4C244-1296-4C2C-AA82-4CDC70325F94}.Debug|Any CPU.ActiveCfg = Debug|Any CPU
		{87A4C244-1296-4C2C-AA82-4CDC70325F94}.Debug|Any CPU.Build.0 = Debug|Any CPU
		{87A4C244-1296-4C2C-AA82-4CDC70325F94}.Release|Any CPU.ActiveCfg = Release|Any CPU
		{87A4C244-1296-4C2C-AA82-4CDC70325F94}.Release|Any CPU.Build.0 = Release|Any CPU
	EndGlobalSection
	GlobalSection(SolutionProperties) = preSolution
		HideSolutionNode = FALSE
	EndGlobalSection
	GlobalSection(NestedProjects) = preSolution
		{75C620FB-AFD2-406C-81E0-B5C2B05F5B20} = {F08C3171-2820-495B-A145-5040BCEE094D}
		{BFE9868D-E656-4EA1-9720-A54630EA18E1} = {4FB074B3-3841-454B-A280-4FFB25FA8063}
		{2B84480F-C534-4320-A301-59401BF65626} = {4FB074B3-3841-454B-A280-4FFB25FA8063}
		{1F2ACEE0-13F0-47DF-BA6B-4BACD2DE8B0C} = {C8411304-A17B-4C2F-892B-0F46296A0F94}
		{A0B927DC-2B8C-4BDE-A2B9-2860E9194A02} = {C8411304-A17B-4C2F-892B-0F46296A0F94}
		{87A4C244-1296-4C2C-AA82-4CDC70325F94} = {F08C3171-2820-495B-A145-5040BCEE094D}
	EndGlobalSection
	GlobalSection(ExtensibilityGlobals) = postSolution
		SolutionGuid = {A1DB3B35-4D94-4E72-BE8E-1B6FB0C6FB8C}
	EndGlobalSection
EndGlobal
